
Microsoft Visual Studio Solution File, Format Version 12.00
# Visual Studio Version 16
VisualStudioVersion = 16.0.31402.337
MinimumVisualStudioVersion = 10.0.40219.1
Project("{9A19103F-16F7-4668-BE54-9A1E7A4F7556}") = "BeautyManager", "BeautyManager\BeautyManager.csproj", "{8394A978-FE43-444B-BBBA-69CFB024A805}"
EndProject
Project("{FAE04EC0-301F-11D3-BF4B-00C04F79EFBC}") = "BeautyManager.Android", "BeautyManager.Android\BeautyManager.Android.csproj", "{974941A1-93A5-44D9-A3C9-911E7F15972F}"
EndProject
Project("{FAE04EC0-301F-11D3-BF4B-00C04F79EFBC}") = "BeautyManager.iOS", "BeautyManager.iOS\BeautyManager.iOS.csproj", "{2927274E-F603-4C41-85C1-D2D1987656D9}"
EndProject
Project("{FAE04EC0-301F-11D3-BF4B-00C04F79EFBC}") = "BeautyManager.UWP", "BeautyManager.UWP\BeautyManager.UWP.csproj", "{108FD32F-D253-4329-A6D6-B1AE1CFE1803}"
EndProject
Project("{FAE04EC0-301F-11D3-BF4B-00C04F79EFBC}") = "BeautyManager.WPF", "BeautyManager.WPF\BeautyManager.WPF.csproj", "{F294E2FE-733B-4E5A-A7DF-BC410E3EDB8D}"
EndProject
Project("{9A19103F-16F7-4668-BE54-9A1E7A4F7556}") = "Okyryk.Xamarin.Logging", "Okyryk.Xamarin.Logging\Okyryk.Xamarin.Logging.csproj", "{F899F094-D5C0-4553-B690-BE586FB1B6DE}"
EndProject
Project("{9A19103F-16F7-4668-BE54-9A1E7A4F7556}") = "MigrationCreator", "MigrationCreator\MigrationCreator.csproj", "{8876722D-2E2B-4B7A-B7A4-011EBE2A3213}"
EndProject
Project("{9A19103F-16F7-4668-BE54-9A1E7A4F7556}") = "BeautyManager.Entities", "BeautyManager.Entities\BeautyManager.Entities.csproj", "{A6B39B76-E27E-4D43-9D79-E1EB8DEFCF8B}"
EndProject
Project("{2150E333-8FDC-42A3-9474-1A3956D46DE8}") = "Tests", "Tests", "{E0B147E1-5D82-4488-89C2-97882F506CEF}"
EndProject
Project("{9A19103F-16F7-4668-BE54-9A1E7A4F7556}") = "BeautyManager.Tests", "BeautyManager.Tests\BeautyManager.Tests.csproj", "{4650E76C-CB36-4629-AAA1-98D21864D7EB}"
EndProject
Project("{9A19103F-16F7-4668-BE54-9A1E7A4F7556}") = "BeautyManager.ODataClient", "BeautyManager.ODataClient\BeautyManager.ODataClient.csproj", "{E9B1C871-8BB3-4129-A443-F24678F2FC82}"
EndProject
Project("{9A19103F-16F7-4668-BE54-9A1E7A4F7556}") = "BeautyManager.ODataClient.Tests", "BeautyManager.ODataClient.Tests\BeautyManager.ODataClient.Tests.csproj", "{96E64215-5C3B-4912-9914-9D22EAA30300}"
EndProject
Project("{FAE04EC0-301F-11D3-BF4B-00C04F79EFBC}") = "BeautyManager.License", "BeautyManager.License\BeautyManager.License.csproj", "{3901C116-7E6C-470A-B53C-E6596ABC41CD}"
EndProject
Global
	GlobalSection(SolutionConfigurationPlatforms) = preSolution
		Ad-Hoc|Any CPU = Ad-Hoc|Any CPU
		Ad-Hoc|ARM = Ad-Hoc|ARM
		Ad-Hoc|iPhone = Ad-Hoc|iPhone
		Ad-Hoc|iPhoneSimulator = Ad-Hoc|iPhoneSimulator
		Ad-Hoc|x64 = Ad-Hoc|x64
		Ad-Hoc|x86 = Ad-Hoc|x86
		AppStore|Any CPU = AppStore|Any CPU
		AppStore|ARM = AppStore|ARM
		AppStore|iPhone = AppStore|iPhone
		AppStore|iPhoneSimulator = AppStore|iPhoneSimulator
		AppStore|x64 = AppStore|x64
		AppStore|x86 = AppStore|x86
		Debug|Any CPU = Debug|Any CPU
		Debug|ARM = Debug|ARM
		Debug|iPhone = Debug|iPhone
		Debug|iPhoneSimulator = Debug|iPhoneSimulator
		Debug|x64 = Debug|x64
		Debug|x86 = Debug|x86
		Release|Any CPU = Release|Any CPU
		Release|ARM = Release|ARM
		Release|iPhone = Release|iPhone
		Release|iPhoneSimulator = Release|iPhoneSimulator
		Release|x64 = Release|x64
		Release|x86 = Release|x86
	EndGlobalSection
	GlobalSection(ProjectConfigurationPlatforms) = postSolution
		{8394A978-FE43-444B-BBBA-69CFB024A805}.Ad-Hoc|Any CPU.ActiveCfg = Debug|Any CPU
		{8394A978-FE43-444B-BBBA-69CFB024A805}.Ad-Hoc|Any CPU.Build.0 = Debug|Any CPU
		{8394A978-FE43-444B-BBBA-69CFB024A805}.Ad-Hoc|ARM.ActiveCfg = Debug|Any CPU
		{8394A978-FE43-444B-BBBA-69CFB024A805}.Ad-Hoc|ARM.Build.0 = Debug|Any CPU
		{8394A978-FE43-444B-BBBA-69CFB024A805}.Ad-Hoc|iPhone.ActiveCfg = Debug|Any CPU
		{8394A978-FE43-444B-BBBA-69CFB024A805}.Ad-Hoc|iPhone.Build.0 = Debug|Any CPU
		{8394A978-FE43-444B-BBBA-69CFB024A805}.Ad-Hoc|iPhoneSimulator.ActiveCfg = Debug|Any CPU
		{8394A978-FE43-444B-BBBA-69CFB024A805}.Ad-Hoc|iPhoneSimulator.Build.0 = Debug|Any CPU
		{8394A978-FE43-444B-BBBA-69CFB024A805}.Ad-Hoc|x64.ActiveCfg = Debug|Any CPU
		{8394A978-FE43-444B-BBBA-69CFB024A805}.Ad-Hoc|x64.Build.0 = Debug|Any CPU
		{8394A978-FE43-444B-BBBA-69CFB024A805}.Ad-Hoc|x86.ActiveCfg = Debug|Any CPU
		{8394A978-FE43-444B-BBBA-69CFB024A805}.Ad-Hoc|x86.Build.0 = Debug|Any CPU
		{8394A978-FE43-444B-BBBA-69CFB024A805}.AppStore|Any CPU.ActiveCfg = Debug|Any CPU
		{8394A978-FE43-444B-BBBA-69CFB024A805}.AppStore|Any CPU.Build.0 = Debug|Any CPU
		{8394A978-FE43-444B-BBBA-69CFB024A805}.AppStore|ARM.ActiveCfg = Debug|Any CPU
		{8394A978-FE43-444B-BBBA-69CFB024A805}.AppStore|ARM.Build.0 = Debug|Any CPU
		{8394A978-FE43-444B-BBBA-69CFB024A805}.AppStore|iPhone.ActiveCfg = Debug|Any CPU
		{8394A978-FE43-444B-BBBA-69CFB024A805}.AppStore|iPhone.Build.0 = Debug|Any CPU
		{8394A978-FE43-444B-BBBA-69CFB024A805}.AppStore|iPhoneSimulator.ActiveCfg = Debug|Any CPU
		{8394A978-FE43-444B-BBBA-69CFB024A805}.AppStore|iPhoneSimulator.Build.0 = Debug|Any CPU
		{8394A978-FE43-444B-BBBA-69CFB024A805}.AppStore|x64.ActiveCfg = Debug|Any CPU
		{8394A978-FE43-444B-BBBA-69CFB024A805}.AppStore|x64.Build.0 = Debug|Any CPU
		{8394A978-FE43-444B-BBBA-69CFB024A805}.AppStore|x86.ActiveCfg = Debug|Any CPU
		{8394A978-FE43-444B-BBBA-69CFB024A805}.AppStore|x86.Build.0 = Debug|Any CPU
		{8394A978-FE43-444B-BBBA-69CFB024A805}.Debug|Any CPU.ActiveCfg = Debug|Any CPU
		{8394A978-FE43-444B-BBBA-69CFB024A805}.Debug|Any CPU.Build.0 = Debug|Any CPU
		{8394A978-FE43-444B-BBBA-69CFB024A805}.Debug|ARM.ActiveCfg = Debug|Any CPU
		{8394A978-FE43-444B-BBBA-69CFB024A805}.Debug|ARM.Build.0 = Debug|Any CPU
		{8394A978-FE43-444B-BBBA-69CFB024A805}.Debug|iPhone.ActiveCfg = Debug|Any CPU
		{8394A978-FE43-444B-BBBA-69CFB024A805}.Debug|iPhone.Build.0 = Debug|Any CPU
		{8394A978-FE43-444B-BBBA-69CFB024A805}.Debug|iPhoneSimulator.ActiveCfg = Debug|Any CPU
		{8394A978-FE43-444B-BBBA-69CFB024A805}.Debug|iPhoneSimulator.Build.0 = Debug|Any CPU
		{8394A978-FE43-444B-BBBA-69CFB024A805}.Debug|x64.ActiveCfg = Debug|Any CPU
		{8394A978-FE43-444B-BBBA-69CFB024A805}.Debug|x64.Build.0 = Debug|Any CPU
		{8394A978-FE43-444B-BBBA-69CFB024A805}.Debug|x86.ActiveCfg = Debug|Any CPU
		{8394A978-FE43-444B-BBBA-69CFB024A805}.Debug|x86.Build.0 = Debug|Any CPU
		{8394A978-FE43-444B-BBBA-69CFB024A805}.Release|Any CPU.ActiveCfg = Release|Any CPU
		{8394A978-FE43-444B-BBBA-69CFB024A805}.Release|Any CPU.Build.0 = Release|Any CPU
		{8394A978-FE43-444B-BBBA-69CFB024A805}.Release|ARM.ActiveCfg = Release|Any CPU
		{8394A978-FE43-444B-BBBA-69CFB024A805}.Release|ARM.Build.0 = Release|Any CPU
		{8394A978-FE43-444B-BBBA-69CFB024A805}.Release|iPhone.ActiveCfg = Release|Any CPU
		{8394A978-FE43-444B-BBBA-69CFB024A805}.Release|iPhone.Build.0 = Release|Any CPU
		{8394A978-FE43-444B-BBBA-69CFB024A805}.Release|iPhoneSimulator.ActiveCfg = Release|Any CPU
		{8394A978-FE43-444B-BBBA-69CFB024A805}.Release|iPhoneSimulator.Build.0 = Release|Any CPU
		{8394A978-FE43-444B-BBBA-69CFB024A805}.Release|x64.ActiveCfg = Release|Any CPU
		{8394A978-FE43-444B-BBBA-69CFB024A805}.Release|x64.Build.0 = Release|Any CPU
		{8394A978-FE43-444B-BBBA-69CFB024A805}.Release|x86.ActiveCfg = Release|Any CPU
		{8394A978-FE43-444B-BBBA-69CFB024A805}.Release|x86.Build.0 = Release|Any CPU
		{974941A1-93A5-44D9-A3C9-911E7F15972F}.Ad-Hoc|Any CPU.ActiveCfg = Debug|Any CPU
		{974941A1-93A5-44D9-A3C9-911E7F15972F}.Ad-Hoc|Any CPU.Build.0 = Debug|Any CPU
		{974941A1-93A5-44D9-A3C9-911E7F15972F}.Ad-Hoc|Any CPU.Deploy.0 = Debug|Any CPU
		{974941A1-93A5-44D9-A3C9-911E7F15972F}.Ad-Hoc|ARM.ActiveCfg = Debug|Any CPU
		{974941A1-93A5-44D9-A3C9-911E7F15972F}.Ad-Hoc|ARM.Build.0 = Debug|Any CPU
		{974941A1-93A5-44D9-A3C9-911E7F15972F}.Ad-Hoc|ARM.Deploy.0 = Debug|Any CPU
		{974941A1-93A5-44D9-A3C9-911E7F15972F}.Ad-Hoc|iPhone.ActiveCfg = Debug|Any CPU
		{974941A1-93A5-44D9-A3C9-911E7F15972F}.Ad-Hoc|iPhone.Build.0 = Debug|Any CPU
		{974941A1-93A5-44D9-A3C9-911E7F15972F}.Ad-Hoc|iPhone.Deploy.0 = Debug|Any CPU
		{974941A1-93A5-44D9-A3C9-911E7F15972F}.Ad-Hoc|iPhoneSimulator.ActiveCfg = Debug|Any CPU
		{974941A1-93A5-44D9-A3C9-911E7F15972F}.Ad-Hoc|iPhoneSimulator.Build.0 = Debug|Any CPU
		{974941A1-93A5-44D9-A3C9-911E7F15972F}.Ad-Hoc|iPhoneSimulator.Deploy.0 = Debug|Any CPU
		{974941A1-93A5-44D9-A3C9-911E7F15972F}.Ad-Hoc|x64.ActiveCfg = Debug|Any CPU
		{974941A1-93A5-44D9-A3C9-911E7F15972F}.Ad-Hoc|x64.Build.0 = Debug|Any CPU
		{974941A1-93A5-44D9-A3C9-911E7F15972F}.Ad-Hoc|x64.Deploy.0 = Debug|Any CPU
		{974941A1-93A5-44D9-A3C9-911E7F15972F}.Ad-Hoc|x86.ActiveCfg = Debug|Any CPU
		{974941A1-93A5-44D9-A3C9-911E7F15972F}.Ad-Hoc|x86.Build.0 = Debug|Any CPU
		{974941A1-93A5-44D9-A3C9-911E7F15972F}.Ad-Hoc|x86.Deploy.0 = Debug|Any CPU
		{974941A1-93A5-44D9-A3C9-911E7F15972F}.AppStore|Any CPU.ActiveCfg = Debug|Any CPU
		{974941A1-93A5-44D9-A3C9-911E7F15972F}.AppStore|Any CPU.Build.0 = Debug|Any CPU
		{974941A1-93A5-44D9-A3C9-911E7F15972F}.AppStore|Any CPU.Deploy.0 = Debug|Any CPU
		{974941A1-93A5-44D9-A3C9-911E7F15972F}.AppStore|ARM.ActiveCfg = Debug|Any CPU
		{974941A1-93A5-44D9-A3C9-911E7F15972F}.AppStore|ARM.Build.0 = Debug|Any CPU
		{974941A1-93A5-44D9-A3C9-911E7F15972F}.AppStore|ARM.Deploy.0 = Debug|Any CPU
		{974941A1-93A5-44D9-A3C9-911E7F15972F}.AppStore|iPhone.ActiveCfg = Debug|Any CPU
		{974941A1-93A5-44D9-A3C9-911E7F15972F}.AppStore|iPhone.Build.0 = Debug|Any CPU
		{974941A1-93A5-44D9-A3C9-911E7F15972F}.AppStore|iPhone.Deploy.0 = Debug|Any CPU
		{974941A1-93A5-44D9-A3C9-911E7F15972F}.AppStore|iPhoneSimulator.ActiveCfg = Debug|Any CPU
		{974941A1-93A5-44D9-A3C9-911E7F15972F}.AppStore|iPhoneSimulator.Build.0 = Debug|Any CPU
		{974941A1-93A5-44D9-A3C9-911E7F15972F}.AppStore|iPhoneSimulator.Deploy.0 = Debug|Any CPU
		{974941A1-93A5-44D9-A3C9-911E7F15972F}.AppStore|x64.ActiveCfg = Debug|Any CPU
		{974941A1-93A5-44D9-A3C9-911E7F15972F}.AppStore|x64.Build.0 = Debug|Any CPU
		{974941A1-93A5-44D9-A3C9-911E7F15972F}.AppStore|x64.Deploy.0 = Debug|Any CPU
		{974941A1-93A5-44D9-A3C9-911E7F15972F}.AppStore|x86.ActiveCfg = Debug|Any CPU
		{974941A1-93A5-44D9-A3C9-911E7F15972F}.AppStore|x86.Build.0 = Debug|Any CPU
		{974941A1-93A5-44D9-A3C9-911E7F15972F}.AppStore|x86.Deploy.0 = Debug|Any CPU
		{974941A1-93A5-44D9-A3C9-911E7F15972F}.Debug|Any CPU.ActiveCfg = Debug|Any CPU
		{974941A1-93A5-44D9-A3C9-911E7F15972F}.Debug|Any CPU.Build.0 = Debug|Any CPU
		{974941A1-93A5-44D9-A3C9-911E7F15972F}.Debug|Any CPU.Deploy.0 = Debug|Any CPU
		{974941A1-93A5-44D9-A3C9-911E7F15972F}.Debug|ARM.ActiveCfg = Debug|Any CPU
		{974941A1-93A5-44D9-A3C9-911E7F15972F}.Debug|ARM.Build.0 = Debug|Any CPU
		{974941A1-93A5-44D9-A3C9-911E7F15972F}.Debug|ARM.Deploy.0 = Debug|Any CPU
		{974941A1-93A5-44D9-A3C9-911E7F15972F}.Debug|iPhone.ActiveCfg = Debug|Any CPU
		{974941A1-93A5-44D9-A3C9-911E7F15972F}.Debug|iPhone.Build.0 = Debug|Any CPU
		{974941A1-93A5-44D9-A3C9-911E7F15972F}.Debug|iPhone.Deploy.0 = Debug|Any CPU
		{974941A1-93A5-44D9-A3C9-911E7F15972F}.Debug|iPhoneSimulator.ActiveCfg = Debug|Any CPU
		{974941A1-93A5-44D9-A3C9-911E7F15972F}.Debug|iPhoneSimulator.Build.0 = Debug|Any CPU
		{974941A1-93A5-44D9-A3C9-911E7F15972F}.Debug|iPhoneSimulator.Deploy.0 = Debug|Any CPU
		{974941A1-93A5-44D9-A3C9-911E7F15972F}.Debug|x64.ActiveCfg = Debug|Any CPU
		{974941A1-93A5-44D9-A3C9-911E7F15972F}.Debug|x64.Build.0 = Debug|Any CPU
		{974941A1-93A5-44D9-A3C9-911E7F15972F}.Debug|x64.Deploy.0 = Debug|Any CPU
		{974941A1-93A5-44D9-A3C9-911E7F15972F}.Debug|x86.ActiveCfg = Debug|Any CPU
		{974941A1-93A5-44D9-A3C9-911E7F15972F}.Debug|x86.Build.0 = Debug|Any CPU
		{974941A1-93A5-44D9-A3C9-911E7F15972F}.Debug|x86.Deploy.0 = Debug|Any CPU
		{974941A1-93A5-44D9-A3C9-911E7F15972F}.Release|Any CPU.ActiveCfg = Release|Any CPU
		{974941A1-93A5-44D9-A3C9-911E7F15972F}.Release|Any CPU.Build.0 = Release|Any CPU
		{974941A1-93A5-44D9-A3C9-911E7F15972F}.Release|Any CPU.Deploy.0 = Release|Any CPU
		{974941A1-93A5-44D9-A3C9-911E7F15972F}.Release|ARM.ActiveCfg = Release|Any CPU
		{974941A1-93A5-44D9-A3C9-911E7F15972F}.Release|ARM.Build.0 = Release|Any CPU
		{974941A1-93A5-44D9-A3C9-911E7F15972F}.Release|ARM.Deploy.0 = Release|Any CPU
		{974941A1-93A5-44D9-A3C9-911E7F15972F}.Release|iPhone.ActiveCfg = Release|Any CPU
		{974941A1-93A5-44D9-A3C9-911E7F15972F}.Release|iPhone.Build.0 = Release|Any CPU
		{974941A1-93A5-44D9-A3C9-911E7F15972F}.Release|iPhone.Deploy.0 = Release|Any CPU
		{974941A1-93A5-44D9-A3C9-911E7F15972F}.Release|iPhoneSimulator.ActiveCfg = Release|Any CPU
		{974941A1-93A5-44D9-A3C9-911E7F15972F}.Release|iPhoneSimulator.Build.0 = Release|Any CPU
		{974941A1-93A5-44D9-A3C9-911E7F15972F}.Release|iPhoneSimulator.Deploy.0 = Release|Any CPU
		{974941A1-93A5-44D9-A3C9-911E7F15972F}.Release|x64.ActiveCfg = Release|Any CPU
		{974941A1-93A5-44D9-A3C9-911E7F15972F}.Release|x64.Build.0 = Release|Any CPU
		{974941A1-93A5-44D9-A3C9-911E7F15972F}.Release|x64.Deploy.0 = Release|Any CPU
		{974941A1-93A5-44D9-A3C9-911E7F15972F}.Release|x86.ActiveCfg = Release|Any CPU
		{974941A1-93A5-44D9-A3C9-911E7F15972F}.Release|x86.Build.0 = Release|Any CPU
		{974941A1-93A5-44D9-A3C9-911E7F15972F}.Release|x86.Deploy.0 = Release|Any CPU
		{2927274E-F603-4C41-85C1-D2D1987656D9}.Ad-Hoc|Any CPU.ActiveCfg = Ad-Hoc|iPhoneSimulator
		{2927274E-F603-4C41-85C1-D2D1987656D9}.Ad-Hoc|ARM.ActiveCfg = Ad-Hoc|iPhoneSimulator
		{2927274E-F603-4C41-85C1-D2D1987656D9}.Ad-Hoc|iPhone.ActiveCfg = Ad-Hoc|iPhone
		{2927274E-F603-4C41-85C1-D2D1987656D9}.Ad-Hoc|iPhone.Build.0 = Ad-Hoc|iPhone
		{2927274E-F603-4C41-85C1-D2D1987656D9}.Ad-Hoc|iPhoneSimulator.ActiveCfg = Ad-Hoc|iPhoneSimulator
		{2927274E-F603-4C41-85C1-D2D1987656D9}.Ad-Hoc|iPhoneSimulator.Build.0 = Ad-Hoc|iPhoneSimulator
		{2927274E-F603-4C41-85C1-D2D1987656D9}.Ad-Hoc|x64.ActiveCfg = Ad-Hoc|iPhoneSimulator
		{2927274E-F603-4C41-85C1-D2D1987656D9}.Ad-Hoc|x86.ActiveCfg = Ad-Hoc|iPhoneSimulator
		{2927274E-F603-4C41-85C1-D2D1987656D9}.AppStore|Any CPU.ActiveCfg = AppStore|iPhoneSimulator
		{2927274E-F603-4C41-85C1-D2D1987656D9}.AppStore|ARM.ActiveCfg = AppStore|iPhoneSimulator
		{2927274E-F603-4C41-85C1-D2D1987656D9}.AppStore|iPhone.ActiveCfg = AppStore|iPhone
		{2927274E-F603-4C41-85C1-D2D1987656D9}.AppStore|iPhone.Build.0 = AppStore|iPhone
		{2927274E-F603-4C41-85C1-D2D1987656D9}.AppStore|iPhoneSimulator.ActiveCfg = AppStore|iPhoneSimulator
		{2927274E-F603-4C41-85C1-D2D1987656D9}.AppStore|iPhoneSimulator.Build.0 = AppStore|iPhoneSimulator
		{2927274E-F603-4C41-85C1-D2D1987656D9}.AppStore|x64.ActiveCfg = AppStore|iPhoneSimulator
		{2927274E-F603-4C41-85C1-D2D1987656D9}.AppStore|x86.ActiveCfg = AppStore|iPhoneSimulator
		{2927274E-F603-4C41-85C1-D2D1987656D9}.Debug|Any CPU.ActiveCfg = Debug|iPhoneSimulator
		{2927274E-F603-4C41-85C1-D2D1987656D9}.Debug|ARM.ActiveCfg = Debug|iPhoneSimulator
		{2927274E-F603-4C41-85C1-D2D1987656D9}.Debug|iPhone.ActiveCfg = Debug|iPhone
		{2927274E-F603-4C41-85C1-D2D1987656D9}.Debug|iPhone.Build.0 = Debug|iPhone
		{2927274E-F603-4C41-85C1-D2D1987656D9}.Debug|iPhoneSimulator.ActiveCfg = Debug|iPhoneSimulator
		{2927274E-F603-4C41-85C1-D2D1987656D9}.Debug|iPhoneSimulator.Build.0 = Debug|iPhoneSimulator
		{2927274E-F603-4C41-85C1-D2D1987656D9}.Debug|x64.ActiveCfg = Debug|iPhoneSimulator
		{2927274E-F603-4C41-85C1-D2D1987656D9}.Debug|x86.ActiveCfg = Debug|iPhoneSimulator
		{2927274E-F603-4C41-85C1-D2D1987656D9}.Release|Any CPU.ActiveCfg = Release|iPhoneSimulator
		{2927274E-F603-4C41-85C1-D2D1987656D9}.Release|ARM.ActiveCfg = Release|iPhoneSimulator
		{2927274E-F603-4C41-85C1-D2D1987656D9}.Release|iPhone.ActiveCfg = Release|iPhone
		{2927274E-F603-4C41-85C1-D2D1987656D9}.Release|iPhone.Build.0 = Release|iPhone
		{2927274E-F603-4C41-85C1-D2D1987656D9}.Release|iPhoneSimulator.ActiveCfg = Release|iPhoneSimulator
		{2927274E-F603-4C41-85C1-D2D1987656D9}.Release|iPhoneSimulator.Build.0 = Release|iPhoneSimulator
		{2927274E-F603-4C41-85C1-D2D1987656D9}.Release|x64.ActiveCfg = Release|iPhoneSimulator
		{2927274E-F603-4C41-85C1-D2D1987656D9}.Release|x86.ActiveCfg = Release|iPhoneSimulator
		{108FD32F-D253-4329-A6D6-B1AE1CFE1803}.Ad-Hoc|Any CPU.ActiveCfg = Debug|ARM
		{108FD32F-D253-4329-A6D6-B1AE1CFE1803}.Ad-Hoc|Any CPU.Build.0 = Debug|ARM
		{108FD32F-D253-4329-A6D6-B1AE1CFE1803}.Ad-Hoc|Any CPU.Deploy.0 = Debug|ARM
		{108FD32F-D253-4329-A6D6-B1AE1CFE1803}.Ad-Hoc|ARM.ActiveCfg = Debug|ARM
		{108FD32F-D253-4329-A6D6-B1AE1CFE1803}.Ad-Hoc|ARM.Build.0 = Debug|ARM
		{108FD32F-D253-4329-A6D6-B1AE1CFE1803}.Ad-Hoc|ARM.Deploy.0 = Debug|ARM
		{108FD32F-D253-4329-A6D6-B1AE1CFE1803}.Ad-Hoc|iPhone.ActiveCfg = Debug|ARM
		{108FD32F-D253-4329-A6D6-B1AE1CFE1803}.Ad-Hoc|iPhone.Build.0 = Debug|ARM
		{108FD32F-D253-4329-A6D6-B1AE1CFE1803}.Ad-Hoc|iPhone.Deploy.0 = Debug|ARM
		{108FD32F-D253-4329-A6D6-B1AE1CFE1803}.Ad-Hoc|iPhoneSimulator.ActiveCfg = Debug|ARM
		{108FD32F-D253-4329-A6D6-B1AE1CFE1803}.Ad-Hoc|iPhoneSimulator.Build.0 = Debug|ARM
		{108FD32F-D253-4329-A6D6-B1AE1CFE1803}.Ad-Hoc|iPhoneSimulator.Deploy.0 = Debug|ARM
		{108FD32F-D253-4329-A6D6-B1AE1CFE1803}.Ad-Hoc|x64.ActiveCfg = Debug|x64
		{108FD32F-D253-4329-A6D6-B1AE1CFE1803}.Ad-Hoc|x64.Build.0 = Debug|x64
		{108FD32F-D253-4329-A6D6-B1AE1CFE1803}.Ad-Hoc|x64.Deploy.0 = Debug|x64
		{108FD32F-D253-4329-A6D6-B1AE1CFE1803}.Ad-Hoc|x86.ActiveCfg = Debug|x86
		{108FD32F-D253-4329-A6D6-B1AE1CFE1803}.Ad-Hoc|x86.Build.0 = Debug|x86
		{108FD32F-D253-4329-A6D6-B1AE1CFE1803}.Ad-Hoc|x86.Deploy.0 = Debug|x86
		{108FD32F-D253-4329-A6D6-B1AE1CFE1803}.AppStore|Any CPU.ActiveCfg = Debug|ARM
		{108FD32F-D253-4329-A6D6-B1AE1CFE1803}.AppStore|Any CPU.Build.0 = Debug|ARM
		{108FD32F-D253-4329-A6D6-B1AE1CFE1803}.AppStore|Any CPU.Deploy.0 = Debug|ARM
		{108FD32F-D253-4329-A6D6-B1AE1CFE1803}.AppStore|ARM.ActiveCfg = Debug|ARM
		{108FD32F-D253-4329-A6D6-B1AE1CFE1803}.AppStore|ARM.Build.0 = Debug|ARM
		{108FD32F-D253-4329-A6D6-B1AE1CFE1803}.AppStore|ARM.Deploy.0 = Debug|ARM
		{108FD32F-D253-4329-A6D6-B1AE1CFE1803}.AppStore|iPhone.ActiveCfg = Debug|ARM
		{108FD32F-D253-4329-A6D6-B1AE1CFE1803}.AppStore|iPhone.Build.0 = Debug|ARM
		{108FD32F-D253-4329-A6D6-B1AE1CFE1803}.AppStore|iPhone.Deploy.0 = Debug|ARM
		{108FD32F-D253-4329-A6D6-B1AE1CFE1803}.AppStore|iPhoneSimulator.ActiveCfg = Debug|ARM
		{108FD32F-D253-4329-A6D6-B1AE1CFE1803}.AppStore|iPhoneSimulator.Build.0 = Debug|ARM
		{108FD32F-D253-4329-A6D6-B1AE1CFE1803}.AppStore|iPhoneSimulator.Deploy.0 = Debug|ARM
		{108FD32F-D253-4329-A6D6-B1AE1CFE1803}.AppStore|x64.ActiveCfg = Debug|x64
		{108FD32F-D253-4329-A6D6-B1AE1CFE1803}.AppStore|x64.Build.0 = Debug|x64
		{108FD32F-D253-4329-A6D6-B1AE1CFE1803}.AppStore|x64.Deploy.0 = Debug|x64
		{108FD32F-D253-4329-A6D6-B1AE1CFE1803}.AppStore|x86.ActiveCfg = Debug|x86
		{108FD32F-D253-4329-A6D6-B1AE1CFE1803}.AppStore|x86.Build.0 = Debug|x86
		{108FD32F-D253-4329-A6D6-B1AE1CFE1803}.AppStore|x86.Deploy.0 = Debug|x86
		{108FD32F-D253-4329-A6D6-B1AE1CFE1803}.Debug|Any CPU.ActiveCfg = Debug|x86
		{108FD32F-D253-4329-A6D6-B1AE1CFE1803}.Debug|ARM.ActiveCfg = Debug|ARM
		{108FD32F-D253-4329-A6D6-B1AE1CFE1803}.Debug|ARM.Build.0 = Debug|ARM
		{108FD32F-D253-4329-A6D6-B1AE1CFE1803}.Debug|ARM.Deploy.0 = Debug|ARM
		{108FD32F-D253-4329-A6D6-B1AE1CFE1803}.Debug|iPhone.ActiveCfg = Debug|x86
		{108FD32F-D253-4329-A6D6-B1AE1CFE1803}.Debug|iPhoneSimulator.ActiveCfg = Debug|x86
		{108FD32F-D253-4329-A6D6-B1AE1CFE1803}.Debug|x64.ActiveCfg = Debug|x64
		{108FD32F-D253-4329-A6D6-B1AE1CFE1803}.Debug|x64.Build.0 = Debug|x64
		{108FD32F-D253-4329-A6D6-B1AE1CFE1803}.Debug|x64.Deploy.0 = Debug|x64
		{108FD32F-D253-4329-A6D6-B1AE1CFE1803}.Debug|x86.ActiveCfg = Debug|x86
		{108FD32F-D253-4329-A6D6-B1AE1CFE1803}.Debug|x86.Build.0 = Debug|x86
		{108FD32F-D253-4329-A6D6-B1AE1CFE1803}.Debug|x86.Deploy.0 = Debug|x86
		{108FD32F-D253-4329-A6D6-B1AE1CFE1803}.Release|Any CPU.ActiveCfg = Release|x86
		{108FD32F-D253-4329-A6D6-B1AE1CFE1803}.Release|ARM.ActiveCfg = Release|ARM
		{108FD32F-D253-4329-A6D6-B1AE1CFE1803}.Release|ARM.Build.0 = Release|ARM
		{108FD32F-D253-4329-A6D6-B1AE1CFE1803}.Release|ARM.Deploy.0 = Release|ARM
		{108FD32F-D253-4329-A6D6-B1AE1CFE1803}.Release|iPhone.ActiveCfg = Release|x86
		{108FD32F-D253-4329-A6D6-B1AE1CFE1803}.Release|iPhoneSimulator.ActiveCfg = Release|x86
		{108FD32F-D253-4329-A6D6-B1AE1CFE1803}.Release|x64.ActiveCfg = Release|x64
		{108FD32F-D253-4329-A6D6-B1AE1CFE1803}.Release|x64.Build.0 = Release|x64
		{108FD32F-D253-4329-A6D6-B1AE1CFE1803}.Release|x64.Deploy.0 = Release|x64
		{108FD32F-D253-4329-A6D6-B1AE1CFE1803}.Release|x86.ActiveCfg = Release|x86
		{108FD32F-D253-4329-A6D6-B1AE1CFE1803}.Release|x86.Build.0 = Release|x86
		{108FD32F-D253-4329-A6D6-B1AE1CFE1803}.Release|x86.Deploy.0 = Release|x86
		{F294E2FE-733B-4E5A-A7DF-BC410E3EDB8D}.Ad-Hoc|Any CPU.ActiveCfg = Debug|Any CPU
		{F294E2FE-733B-4E5A-A7DF-BC410E3EDB8D}.Ad-Hoc|Any CPU.Build.0 = Debug|Any CPU
		{F294E2FE-733B-4E5A-A7DF-BC410E3EDB8D}.Ad-Hoc|ARM.ActiveCfg = Debug|Any CPU
		{F294E2FE-733B-4E5A-A7DF-BC410E3EDB8D}.Ad-Hoc|ARM.Build.0 = Debug|Any CPU
		{F294E2FE-733B-4E5A-A7DF-BC410E3EDB8D}.Ad-Hoc|iPhone.ActiveCfg = Debug|Any CPU
		{F294E2FE-733B-4E5A-A7DF-BC410E3EDB8D}.Ad-Hoc|iPhone.Build.0 = Debug|Any CPU
		{F294E2FE-733B-4E5A-A7DF-BC410E3EDB8D}.Ad-Hoc|iPhoneSimulator.ActiveCfg = Debug|Any CPU
		{F294E2FE-733B-4E5A-A7DF-BC410E3EDB8D}.Ad-Hoc|iPhoneSimulator.Build.0 = Debug|Any CPU
		{F294E2FE-733B-4E5A-A7DF-BC410E3EDB8D}.Ad-Hoc|x64.ActiveCfg = Debug|Any CPU
		{F294E2FE-733B-4E5A-A7DF-BC410E3EDB8D}.Ad-Hoc|x64.Build.0 = Debug|Any CPU
		{F294E2FE-733B-4E5A-A7DF-BC410E3EDB8D}.Ad-Hoc|x86.ActiveCfg = Debug|Any CPU
		{F294E2FE-733B-4E5A-A7DF-BC410E3EDB8D}.Ad-Hoc|x86.Build.0 = Debug|Any CPU
		{F294E2FE-733B-4E5A-A7DF-BC410E3EDB8D}.AppStore|Any CPU.ActiveCfg = Debug|Any CPU
		{F294E2FE-733B-4E5A-A7DF-BC410E3EDB8D}.AppStore|Any CPU.Build.0 = Debug|Any CPU
		{F294E2FE-733B-4E5A-A7DF-BC410E3EDB8D}.AppStore|ARM.ActiveCfg = Debug|Any CPU
		{F294E2FE-733B-4E5A-A7DF-BC410E3EDB8D}.AppStore|ARM.Build.0 = Debug|Any CPU
		{F294E2FE-733B-4E5A-A7DF-BC410E3EDB8D}.AppStore|iPhone.ActiveCfg = Debug|Any CPU
		{F294E2FE-733B-4E5A-A7DF-BC410E3EDB8D}.AppStore|iPhone.Build.0 = Debug|Any CPU
		{F294E2FE-733B-4E5A-A7DF-BC410E3EDB8D}.AppStore|iPhoneSimulator.ActiveCfg = Debug|Any CPU
		{F294E2FE-733B-4E5A-A7DF-BC410E3EDB8D}.AppStore|iPhoneSimulator.Build.0 = Debug|Any CPU
		{F294E2FE-733B-4E5A-A7DF-BC410E3EDB8D}.AppStore|x64.ActiveCfg = Debug|Any CPU
		{F294E2FE-733B-4E5A-A7DF-BC410E3EDB8D}.AppStore|x64.Build.0 = Debug|Any CPU
		{F294E2FE-733B-4E5A-A7DF-BC410E3EDB8D}.AppStore|x86.ActiveCfg = Debug|Any CPU
		{F294E2FE-733B-4E5A-A7DF-BC410E3EDB8D}.AppStore|x86.Build.0 = Debug|Any CPU
		{F294E2FE-733B-4E5A-A7DF-BC410E3EDB8D}.Debug|Any CPU.ActiveCfg = Debug|Any CPU
		{F294E2FE-733B-4E5A-A7DF-BC410E3EDB8D}.Debug|Any CPU.Build.0 = Debug|Any CPU
		{F294E2FE-733B-4E5A-A7DF-BC410E3EDB8D}.Debug|ARM.ActiveCfg = Debug|Any CPU
		{F294E2FE-733B-4E5A-A7DF-BC410E3EDB8D}.Debug|ARM.Build.0 = Debug|Any CPU
		{F294E2FE-733B-4E5A-A7DF-BC410E3EDB8D}.Debug|iPhone.ActiveCfg = Debug|Any CPU
		{F294E2FE-733B-4E5A-A7DF-BC410E3EDB8D}.Debug|iPhone.Build.0 = Debug|Any CPU
		{F294E2FE-733B-4E5A-A7DF-BC410E3EDB8D}.Debug|iPhoneSimulator.ActiveCfg = Debug|Any CPU
		{F294E2FE-733B-4E5A-A7DF-BC410E3EDB8D}.Debug|iPhoneSimulator.Build.0 = Debug|Any CPU
		{F294E2FE-733B-4E5A-A7DF-BC410E3EDB8D}.Debug|x64.ActiveCfg = Debug|Any CPU
		{F294E2FE-733B-4E5A-A7DF-BC410E3EDB8D}.Debug|x64.Build.0 = Debug|Any CPU
		{F294E2FE-733B-4E5A-A7DF-BC410E3EDB8D}.Debug|x86.ActiveCfg = Debug|Any CPU
		{F294E2FE-733B-4E5A-A7DF-BC410E3EDB8D}.Debug|x86.Build.0 = Debug|Any CPU
		{F294E2FE-733B-4E5A-A7DF-BC410E3EDB8D}.Release|Any CPU.ActiveCfg = Release|Any CPU
		{F294E2FE-733B-4E5A-A7DF-BC410E3EDB8D}.Release|Any CPU.Build.0 = Release|Any CPU
		{F294E2FE-733B-4E5A-A7DF-BC410E3EDB8D}.Release|ARM.ActiveCfg = Release|Any CPU
		{F294E2FE-733B-4E5A-A7DF-BC410E3EDB8D}.Release|ARM.Build.0 = Release|Any CPU
		{F294E2FE-733B-4E5A-A7DF-BC410E3EDB8D}.Release|iPhone.ActiveCfg = Release|Any CPU
		{F294E2FE-733B-4E5A-A7DF-BC410E3EDB8D}.Release|iPhone.Build.0 = Release|Any CPU
		{F294E2FE-733B-4E5A-A7DF-BC410E3EDB8D}.Release|iPhoneSimulator.ActiveCfg = Release|Any CPU
		{F294E2FE-733B-4E5A-A7DF-BC410E3EDB8D}.Release|iPhoneSimulator.Build.0 = Release|Any CPU
		{F294E2FE-733B-4E5A-A7DF-BC410E3EDB8D}.Release|x64.ActiveCfg = Release|Any CPU
		{F294E2FE-733B-4E5A-A7DF-BC410E3EDB8D}.Release|x64.Build.0 = Release|Any CPU
		{F294E2FE-733B-4E5A-A7DF-BC410E3EDB8D}.Release|x86.ActiveCfg = Release|Any CPU
		{F294E2FE-733B-4E5A-A7DF-BC410E3EDB8D}.Release|x86.Build.0 = Release|Any CPU
		{F899F094-D5C0-4553-B690-BE586FB1B6DE}.Ad-Hoc|Any CPU.ActiveCfg = Debug|Any CPU
		{F899F094-D5C0-4553-B690-BE586FB1B6DE}.Ad-Hoc|Any CPU.Build.0 = Debug|Any CPU
		{F899F094-D5C0-4553-B690-BE586FB1B6DE}.Ad-Hoc|ARM.ActiveCfg = Debug|Any CPU
		{F899F094-D5C0-4553-B690-BE586FB1B6DE}.Ad-Hoc|ARM.Build.0 = Debug|Any CPU
		{F899F094-D5C0-4553-B690-BE586FB1B6DE}.Ad-Hoc|iPhone.ActiveCfg = Debug|Any CPU
		{F899F094-D5C0-4553-B690-BE586FB1B6DE}.Ad-Hoc|iPhone.Build.0 = Debug|Any CPU
		{F899F094-D5C0-4553-B690-BE586FB1B6DE}.Ad-Hoc|iPhoneSimulator.ActiveCfg = Debug|Any CPU
		{F899F094-D5C0-4553-B690-BE586FB1B6DE}.Ad-Hoc|iPhoneSimulator.Build.0 = Debug|Any CPU
		{F899F094-D5C0-4553-B690-BE586FB1B6DE}.Ad-Hoc|x64.ActiveCfg = Debug|Any CPU
		{F899F094-D5C0-4553-B690-BE586FB1B6DE}.Ad-Hoc|x64.Build.0 = Debug|Any CPU
		{F899F094-D5C0-4553-B690-BE586FB1B6DE}.Ad-Hoc|x86.ActiveCfg = Debug|Any CPU
		{F899F094-D5C0-4553-B690-BE586FB1B6DE}.Ad-Hoc|x86.Build.0 = Debug|Any CPU
		{F899F094-D5C0-4553-B690-BE586FB1B6DE}.AppStore|Any CPU.ActiveCfg = Debug|Any CPU
		{F899F094-D5C0-4553-B690-BE586FB1B6DE}.AppStore|Any CPU.Build.0 = Debug|Any CPU
		{F899F094-D5C0-4553-B690-BE586FB1B6DE}.AppStore|ARM.ActiveCfg = Debug|Any CPU
		{F899F094-D5C0-4553-B690-BE586FB1B6DE}.AppStore|ARM.Build.0 = Debug|Any CPU
		{F899F094-D5C0-4553-B690-BE586FB1B6DE}.AppStore|iPhone.ActiveCfg = Debug|Any CPU
		{F899F094-D5C0-4553-B690-BE586FB1B6DE}.AppStore|iPhone.Build.0 = Debug|Any CPU
		{F899F094-D5C0-4553-B690-BE586FB1B6DE}.AppStore|iPhoneSimulator.ActiveCfg = Debug|Any CPU
		{F899F094-D5C0-4553-B690-BE586FB1B6DE}.AppStore|iPhoneSimulator.Build.0 = Debug|Any CPU
		{F899F094-D5C0-4553-B690-BE586FB1B6DE}.AppStore|x64.ActiveCfg = Debug|Any CPU
		{F899F094-D5C0-4553-B690-BE586FB1B6DE}.AppStore|x64.Build.0 = Debug|Any CPU
		{F899F094-D5C0-4553-B690-BE586FB1B6DE}.AppStore|x86.ActiveCfg = Debug|Any CPU
		{F899F094-D5C0-4553-B690-BE586FB1B6DE}.AppStore|x86.Build.0 = Debug|Any CPU
		{F899F094-D5C0-4553-B690-BE586FB1B6DE}.Debug|Any CPU.ActiveCfg = Debug|Any CPU
		{F899F094-D5C0-4553-B690-BE586FB1B6DE}.Debug|Any CPU.Build.0 = Debug|Any CPU
		{F899F094-D5C0-4553-B690-BE586FB1B6DE}.Debug|ARM.ActiveCfg = Debug|Any CPU
		{F899F094-D5C0-4553-B690-BE586FB1B6DE}.Debug|ARM.Build.0 = Debug|Any CPU
		{F899F094-D5C0-4553-B690-BE586FB1B6DE}.Debug|iPhone.ActiveCfg = Debug|Any CPU
		{F899F094-D5C0-4553-B690-BE586FB1B6DE}.Debug|iPhone.Build.0 = Debug|Any CPU
		{F899F094-D5C0-4553-B690-BE586FB1B6DE}.Debug|iPhoneSimulator.ActiveCfg = Debug|Any CPU
		{F899F094-D5C0-4553-B690-BE586FB1B6DE}.Debug|iPhoneSimulator.Build.0 = Debug|Any CPU
		{F899F094-D5C0-4553-B690-BE586FB1B6DE}.Debug|x64.ActiveCfg = Debug|Any CPU
		{F899F094-D5C0-4553-B690-BE586FB1B6DE}.Debug|x64.Build.0 = Debug|Any CPU
		{F899F094-D5C0-4553-B690-BE586FB1B6DE}.Debug|x86.ActiveCfg = Debug|Any CPU
		{F899F094-D5C0-4553-B690-BE586FB1B6DE}.Debug|x86.Build.0 = Debug|Any CPU
		{F899F094-D5C0-4553-B690-BE586FB1B6DE}.Release|Any CPU.ActiveCfg = Release|Any CPU
		{F899F094-D5C0-4553-B690-BE586FB1B6DE}.Release|Any CPU.Build.0 = Release|Any CPU
		{F899F094-D5C0-4553-B690-BE586FB1B6DE}.Release|ARM.ActiveCfg = Release|Any CPU
		{F899F094-D5C0-4553-B690-BE586FB1B6DE}.Release|ARM.Build.0 = Release|Any CPU
		{F899F094-D5C0-4553-B690-BE586FB1B6DE}.Release|iPhone.ActiveCfg = Release|Any CPU
		{F899F094-D5C0-4553-B690-BE586FB1B6DE}.Release|iPhone.Build.0 = Release|Any CPU
		{F899F094-D5C0-4553-B690-BE586FB1B6DE}.Release|iPhoneSimulator.ActiveCfg = Release|Any CPU
		{F899F094-D5C0-4553-B690-BE586FB1B6DE}.Release|iPhoneSimulator.Build.0 = Release|Any CPU
		{F899F094-D5C0-4553-B690-BE586FB1B6DE}.Release|x64.ActiveCfg = Release|Any CPU
		{F899F094-D5C0-4553-B690-BE586FB1B6DE}.Release|x64.Build.0 = Release|Any CPU
		{F899F094-D5C0-4553-B690-BE586FB1B6DE}.Release|x86.ActiveCfg = Release|Any CPU
		{F899F094-D5C0-4553-B690-BE586FB1B6DE}.Release|x86.Build.0 = Release|Any CPU
		{8876722D-2E2B-4B7A-B7A4-011EBE2A3213}.Ad-Hoc|Any CPU.ActiveCfg = Debug|Any CPU
		{8876722D-2E2B-4B7A-B7A4-011EBE2A3213}.Ad-Hoc|Any CPU.Build.0 = Debug|Any CPU
		{8876722D-2E2B-4B7A-B7A4-011EBE2A3213}.Ad-Hoc|ARM.ActiveCfg = Debug|Any CPU
		{8876722D-2E2B-4B7A-B7A4-011EBE2A3213}.Ad-Hoc|ARM.Build.0 = Debug|Any CPU
		{8876722D-2E2B-4B7A-B7A4-011EBE2A3213}.Ad-Hoc|iPhone.ActiveCfg = Debug|Any CPU
		{8876722D-2E2B-4B7A-B7A4-011EBE2A3213}.Ad-Hoc|iPhone.Build.0 = Debug|Any CPU
		{8876722D-2E2B-4B7A-B7A4-011EBE2A3213}.Ad-Hoc|iPhoneSimulator.ActiveCfg = Debug|Any CPU
		{8876722D-2E2B-4B7A-B7A4-011EBE2A3213}.Ad-Hoc|iPhoneSimulator.Build.0 = Debug|Any CPU
		{8876722D-2E2B-4B7A-B7A4-011EBE2A3213}.Ad-Hoc|x64.ActiveCfg = Debug|Any CPU
		{8876722D-2E2B-4B7A-B7A4-011EBE2A3213}.Ad-Hoc|x64.Build.0 = Debug|Any CPU
		{8876722D-2E2B-4B7A-B7A4-011EBE2A3213}.Ad-Hoc|x86.ActiveCfg = Debug|Any CPU
		{8876722D-2E2B-4B7A-B7A4-011EBE2A3213}.Ad-Hoc|x86.Build.0 = Debug|Any CPU
		{8876722D-2E2B-4B7A-B7A4-011EBE2A3213}.AppStore|Any CPU.ActiveCfg = Debug|Any CPU
		{8876722D-2E2B-4B7A-B7A4-011EBE2A3213}.AppStore|Any CPU.Build.0 = Debug|Any CPU
		{8876722D-2E2B-4B7A-B7A4-011EBE2A3213}.AppStore|ARM.ActiveCfg = Debug|Any CPU
		{8876722D-2E2B-4B7A-B7A4-011EBE2A3213}.AppStore|ARM.Build.0 = Debug|Any CPU
		{8876722D-2E2B-4B7A-B7A4-011EBE2A3213}.AppStore|iPhone.ActiveCfg = Debug|Any CPU
		{8876722D-2E2B-4B7A-B7A4-011EBE2A3213}.AppStore|iPhone.Build.0 = Debug|Any CPU
		{8876722D-2E2B-4B7A-B7A4-011EBE2A3213}.AppStore|iPhoneSimulator.ActiveCfg = Debug|Any CPU
		{8876722D-2E2B-4B7A-B7A4-011EBE2A3213}.AppStore|iPhoneSimulator.Build.0 = Debug|Any CPU
		{8876722D-2E2B-4B7A-B7A4-011EBE2A3213}.AppStore|x64.ActiveCfg = Debug|Any CPU
		{8876722D-2E2B-4B7A-B7A4-011EBE2A3213}.AppStore|x64.Build.0 = Debug|Any CPU
		{8876722D-2E2B-4B7A-B7A4-011EBE2A3213}.AppStore|x86.ActiveCfg = Debug|Any CPU
		{8876722D-2E2B-4B7A-B7A4-011EBE2A3213}.AppStore|x86.Build.0 = Debug|Any CPU
		{8876722D-2E2B-4B7A-B7A4-011EBE2A3213}.Debug|Any CPU.ActiveCfg = Debug|Any CPU
		{8876722D-2E2B-4B7A-B7A4-011EBE2A3213}.Debug|Any CPU.Build.0 = Debug|Any CPU
		{8876722D-2E2B-4B7A-B7A4-011EBE2A3213}.Debug|ARM.ActiveCfg = Debug|Any CPU
		{8876722D-2E2B-4B7A-B7A4-011EBE2A3213}.Debug|ARM.Build.0 = Debug|Any CPU
		{8876722D-2E2B-4B7A-B7A4-011EBE2A3213}.Debug|iPhone.ActiveCfg = Debug|Any CPU
		{8876722D-2E2B-4B7A-B7A4-011EBE2A3213}.Debug|iPhone.Build.0 = Debug|Any CPU
		{8876722D-2E2B-4B7A-B7A4-011EBE2A3213}.Debug|iPhoneSimulator.ActiveCfg = Debug|Any CPU
		{8876722D-2E2B-4B7A-B7A4-011EBE2A3213}.Debug|iPhoneSimulator.Build.0 = Debug|Any CPU
		{8876722D-2E2B-4B7A-B7A4-011EBE2A3213}.Debug|x64.ActiveCfg = Debug|Any CPU
		{8876722D-2E2B-4B7A-B7A4-011EBE2A3213}.Debug|x64.Build.0 = Debug|Any CPU
		{8876722D-2E2B-4B7A-B7A4-011EBE2A3213}.Debug|x86.ActiveCfg = Debug|Any CPU
		{8876722D-2E2B-4B7A-B7A4-011EBE2A3213}.Debug|x86.Build.0 = Debug|Any CPU
		{8876722D-2E2B-4B7A-B7A4-011EBE2A3213}.Release|Any CPU.ActiveCfg = Release|Any CPU
		{8876722D-2E2B-4B7A-B7A4-011EBE2A3213}.Release|Any CPU.Build.0 = Release|Any CPU
		{8876722D-2E2B-4B7A-B7A4-011EBE2A3213}.Release|ARM.ActiveCfg = Release|Any CPU
		{8876722D-2E2B-4B7A-B7A4-011EBE2A3213}.Release|ARM.Build.0 = Release|Any CPU
		{8876722D-2E2B-4B7A-B7A4-011EBE2A3213}.Release|iPhone.ActiveCfg = Release|Any CPU
		{8876722D-2E2B-4B7A-B7A4-011EBE2A3213}.Release|iPhone.Build.0 = Release|Any CPU
		{8876722D-2E2B-4B7A-B7A4-011EBE2A3213}.Release|iPhoneSimulator.ActiveCfg = Release|Any CPU
		{8876722D-2E2B-4B7A-B7A4-011EBE2A3213}.Release|iPhoneSimulator.Build.0 = Release|Any CPU
		{8876722D-2E2B-4B7A-B7A4-011EBE2A3213}.Release|x64.ActiveCfg = Release|Any CPU
		{8876722D-2E2B-4B7A-B7A4-011EBE2A3213}.Release|x64.Build.0 = Release|Any CPU
		{8876722D-2E2B-4B7A-B7A4-011EBE2A3213}.Release|x86.ActiveCfg = Release|Any CPU
		{8876722D-2E2B-4B7A-B7A4-011EBE2A3213}.Release|x86.Build.0 = Release|Any CPU
		{A6B39B76-E27E-4D43-9D79-E1EB8DEFCF8B}.Ad-Hoc|Any CPU.ActiveCfg = Debug|Any CPU
		{A6B39B76-E27E-4D43-9D79-E1EB8DEFCF8B}.Ad-Hoc|Any CPU.Build.0 = Debug|Any CPU
		{A6B39B76-E27E-4D43-9D79-E1EB8DEFCF8B}.Ad-Hoc|ARM.ActiveCfg = Debug|Any CPU
		{A6B39B76-E27E-4D43-9D79-E1EB8DEFCF8B}.Ad-Hoc|ARM.Build.0 = Debug|Any CPU
		{A6B39B76-E27E-4D43-9D79-E1EB8DEFCF8B}.Ad-Hoc|iPhone.ActiveCfg = Debug|Any CPU
		{A6B39B76-E27E-4D43-9D79-E1EB8DEFCF8B}.Ad-Hoc|iPhone.Build.0 = Debug|Any CPU
		{A6B39B76-E27E-4D43-9D79-E1EB8DEFCF8B}.Ad-Hoc|iPhoneSimulator.ActiveCfg = Debug|Any CPU
		{A6B39B76-E27E-4D43-9D79-E1EB8DEFCF8B}.Ad-Hoc|iPhoneSimulator.Build.0 = Debug|Any CPU
		{A6B39B76-E27E-4D43-9D79-E1EB8DEFCF8B}.Ad-Hoc|x64.ActiveCfg = Debug|Any CPU
		{A6B39B76-E27E-4D43-9D79-E1EB8DEFCF8B}.Ad-Hoc|x64.Build.0 = Debug|Any CPU
		{A6B39B76-E27E-4D43-9D79-E1EB8DEFCF8B}.Ad-Hoc|x86.ActiveCfg = Debug|Any CPU
		{A6B39B76-E27E-4D43-9D79-E1EB8DEFCF8B}.Ad-Hoc|x86.Build.0 = Debug|Any CPU
		{A6B39B76-E27E-4D43-9D79-E1EB8DEFCF8B}.AppStore|Any CPU.ActiveCfg = Debug|Any CPU
		{A6B39B76-E27E-4D43-9D79-E1EB8DEFCF8B}.AppStore|Any CPU.Build.0 = Debug|Any CPU
		{A6B39B76-E27E-4D43-9D79-E1EB8DEFCF8B}.AppStore|ARM.ActiveCfg = Debug|Any CPU
		{A6B39B76-E27E-4D43-9D79-E1EB8DEFCF8B}.AppStore|ARM.Build.0 = Debug|Any CPU
		{A6B39B76-E27E-4D43-9D79-E1EB8DEFCF8B}.AppStore|iPhone.ActiveCfg = Debug|Any CPU
		{A6B39B76-E27E-4D43-9D79-E1EB8DEFCF8B}.AppStore|iPhone.Build.0 = Debug|Any CPU
		{A6B39B76-E27E-4D43-9D79-E1EB8DEFCF8B}.AppStore|iPhoneSimulator.ActiveCfg = Debug|Any CPU
		{A6B39B76-E27E-4D43-9D79-E1EB8DEFCF8B}.AppStore|iPhoneSimulator.Build.0 = Debug|Any CPU
		{A6B39B76-E27E-4D43-9D79-E1EB8DEFCF8B}.AppStore|x64.ActiveCfg = Debug|Any CPU
		{A6B39B76-E27E-4D43-9D79-E1EB8DEFCF8B}.AppStore|x64.Build.0 = Debug|Any CPU
		{A6B39B76-E27E-4D43-9D79-E1EB8DEFCF8B}.AppStore|x86.ActiveCfg = Debug|Any CPU
		{A6B39B76-E27E-4D43-9D79-E1EB8DEFCF8B}.AppStore|x86.Build.0 = Debug|Any CPU
		{A6B39B76-E27E-4D43-9D79-E1EB8DEFCF8B}.Debug|Any CPU.ActiveCfg = Debug|Any CPU
		{A6B39B76-E27E-4D43-9D79-E1EB8DEFCF8B}.Debug|Any CPU.Build.0 = Debug|Any CPU
		{A6B39B76-E27E-4D43-9D79-E1EB8DEFCF8B}.Debug|ARM.ActiveCfg = Debug|Any CPU
		{A6B39B76-E27E-4D43-9D79-E1EB8DEFCF8B}.Debug|ARM.Build.0 = Debug|Any CPU
		{A6B39B76-E27E-4D43-9D79-E1EB8DEFCF8B}.Debug|iPhone.ActiveCfg = Debug|Any CPU
		{A6B39B76-E27E-4D43-9D79-E1EB8DEFCF8B}.Debug|iPhone.Build.0 = Debug|Any CPU
		{A6B39B76-E27E-4D43-9D79-E1EB8DEFCF8B}.Debug|iPhoneSimulator.ActiveCfg = Debug|Any CPU
		{A6B39B76-E27E-4D43-9D79-E1EB8DEFCF8B}.Debug|iPhoneSimulator.Build.0 = Debug|Any CPU
		{A6B39B76-E27E-4D43-9D79-E1EB8DEFCF8B}.Debug|x64.ActiveCfg = Debug|Any CPU
		{A6B39B76-E27E-4D43-9D79-E1EB8DEFCF8B}.Debug|x64.Build.0 = Debug|Any CPU
		{A6B39B76-E27E-4D43-9D79-E1EB8DEFCF8B}.Debug|x86.ActiveCfg = Debug|Any CPU
		{A6B39B76-E27E-4D43-9D79-E1EB8DEFCF8B}.Debug|x86.Build.0 = Debug|Any CPU
		{A6B39B76-E27E-4D43-9D79-E1EB8DEFCF8B}.Release|Any CPU.ActiveCfg = Release|Any CPU
		{A6B39B76-E27E-4D43-9D79-E1EB8DEFCF8B}.Release|Any CPU.Build.0 = Release|Any CPU
		{A6B39B76-E27E-4D43-9D79-E1EB8DEFCF8B}.Release|ARM.ActiveCfg = Release|Any CPU
		{A6B39B76-E27E-4D43-9D79-E1EB8DEFCF8B}.Release|ARM.Build.0 = Release|Any CPU
		{A6B39B76-E27E-4D43-9D79-E1EB8DEFCF8B}.Release|iPhone.ActiveCfg = Release|Any CPU
		{A6B39B76-E27E-4D43-9D79-E1EB8DEFCF8B}.Release|iPhone.Build.0 = Release|Any CPU
		{A6B39B76-E27E-4D43-9D79-E1EB8DEFCF8B}.Release|iPhoneSimulator.ActiveCfg = Release|Any CPU
		{A6B39B76-E27E-4D43-9D79-E1EB8DEFCF8B}.Release|iPhoneSimulator.Build.0 = Release|Any CPU
		{A6B39B76-E27E-4D43-9D79-E1EB8DEFCF8B}.Release|x64.ActiveCfg = Release|Any CPU
		{A6B39B76-E27E-4D43-9D79-E1EB8DEFCF8B}.Release|x64.Build.0 = Release|Any CPU
		{A6B39B76-E27E-4D43-9D79-E1EB8DEFCF8B}.Release|x86.ActiveCfg = Release|Any CPU
		{A6B39B76-E27E-4D43-9D79-E1EB8DEFCF8B}.Release|x86.Build.0 = Release|Any CPU
		{4650E76C-CB36-4629-AAA1-98D21864D7EB}.Ad-Hoc|Any CPU.ActiveCfg = Debug|Any CPU
		{4650E76C-CB36-4629-AAA1-98D21864D7EB}.Ad-Hoc|Any CPU.Build.0 = Debug|Any CPU
		{4650E76C-CB36-4629-AAA1-98D21864D7EB}.Ad-Hoc|ARM.ActiveCfg = Debug|Any CPU
		{4650E76C-CB36-4629-AAA1-98D21864D7EB}.Ad-Hoc|ARM.Build.0 = Debug|Any CPU
		{4650E76C-CB36-4629-AAA1-98D21864D7EB}.Ad-Hoc|iPhone.ActiveCfg = Debug|Any CPU
		{4650E76C-CB36-4629-AAA1-98D21864D7EB}.Ad-Hoc|iPhone.Build.0 = Debug|Any CPU
		{4650E76C-CB36-4629-AAA1-98D21864D7EB}.Ad-Hoc|iPhoneSimulator.ActiveCfg = Debug|Any CPU
		{4650E76C-CB36-4629-AAA1-98D21864D7EB}.Ad-Hoc|iPhoneSimulator.Build.0 = Debug|Any CPU
		{4650E76C-CB36-4629-AAA1-98D21864D7EB}.Ad-Hoc|x64.ActiveCfg = Debug|Any CPU
		{4650E76C-CB36-4629-AAA1-98D21864D7EB}.Ad-Hoc|x64.Build.0 = Debug|Any CPU
		{4650E76C-CB36-4629-AAA1-98D21864D7EB}.Ad-Hoc|x86.ActiveCfg = Debug|Any CPU
		{4650E76C-CB36-4629-AAA1-98D21864D7EB}.Ad-Hoc|x86.Build.0 = Debug|Any CPU
		{4650E76C-CB36-4629-AAA1-98D21864D7EB}.AppStore|Any CPU.ActiveCfg = Debug|Any CPU
		{4650E76C-CB36-4629-AAA1-98D21864D7EB}.AppStore|Any CPU.Build.0 = Debug|Any CPU
		{4650E76C-CB36-4629-AAA1-98D21864D7EB}.AppStore|ARM.ActiveCfg = Debug|Any CPU
		{4650E76C-CB36-4629-AAA1-98D21864D7EB}.AppStore|ARM.Build.0 = Debug|Any CPU
		{4650E76C-CB36-4629-AAA1-98D21864D7EB}.AppStore|iPhone.ActiveCfg = Debug|Any CPU
		{4650E76C-CB36-4629-AAA1-98D21864D7EB}.AppStore|iPhone.Build.0 = Debug|Any CPU
		{4650E76C-CB36-4629-AAA1-98D21864D7EB}.AppStore|iPhoneSimulator.ActiveCfg = Debug|Any CPU
		{4650E76C-CB36-4629-AAA1-98D21864D7EB}.AppStore|iPhoneSimulator.Build.0 = Debug|Any CPU
		{4650E76C-CB36-4629-AAA1-98D21864D7EB}.AppStore|x64.ActiveCfg = Debug|Any CPU
		{4650E76C-CB36-4629-AAA1-98D21864D7EB}.AppStore|x64.Build.0 = Debug|Any CPU
		{4650E76C-CB36-4629-AAA1-98D21864D7EB}.AppStore|x86.ActiveCfg = Debug|Any CPU
		{4650E76C-CB36-4629-AAA1-98D21864D7EB}.AppStore|x86.Build.0 = Debug|Any CPU
		{4650E76C-CB36-4629-AAA1-98D21864D7EB}.Debug|Any CPU.ActiveCfg = Debug|Any CPU
		{4650E76C-CB36-4629-AAA1-98D21864D7EB}.Debug|Any CPU.Build.0 = Debug|Any CPU
		{4650E76C-CB36-4629-AAA1-98D21864D7EB}.Debug|ARM.ActiveCfg = Debug|Any CPU
		{4650E76C-CB36-4629-AAA1-98D21864D7EB}.Debug|ARM.Build.0 = Debug|Any CPU
		{4650E76C-CB36-4629-AAA1-98D21864D7EB}.Debug|iPhone.ActiveCfg = Debug|Any CPU
		{4650E76C-CB36-4629-AAA1-98D21864D7EB}.Debug|iPhone.Build.0 = Debug|Any CPU
		{4650E76C-CB36-4629-AAA1-98D21864D7EB}.Debug|iPhoneSimulator.ActiveCfg = Debug|Any CPU
		{4650E76C-CB36-4629-AAA1-98D21864D7EB}.Debug|iPhoneSimulator.Build.0 = Debug|Any CPU
		{4650E76C-CB36-4629-AAA1-98D21864D7EB}.Debug|x64.ActiveCfg = Debug|Any CPU
		{4650E76C-CB36-4629-AAA1-98D21864D7EB}.Debug|x64.Build.0 = Debug|Any CPU
		{4650E76C-CB36-4629-AAA1-98D21864D7EB}.Debug|x86.ActiveCfg = Debug|Any CPU
		{4650E76C-CB36-4629-AAA1-98D21864D7EB}.Debug|x86.Build.0 = Debug|Any CPU
		{4650E76C-CB36-4629-AAA1-98D21864D7EB}.Release|Any CPU.ActiveCfg = Release|Any CPU
		{4650E76C-CB36-4629-AAA1-98D21864D7EB}.Release|Any CPU.Build.0 = Release|Any CPU
		{4650E76C-CB36-4629-AAA1-98D21864D7EB}.Release|ARM.ActiveCfg = Release|Any CPU
		{4650E76C-CB36-4629-AAA1-98D21864D7EB}.Release|ARM.Build.0 = Release|Any CPU
		{4650E76C-CB36-4629-AAA1-98D21864D7EB}.Release|iPhone.ActiveCfg = Release|Any CPU
		{4650E76C-CB36-4629-AAA1-98D21864D7EB}.Release|iPhone.Build.0 = Release|Any CPU
		{4650E76C-CB36-4629-AAA1-98D21864D7EB}.Release|iPhoneSimulator.ActiveCfg = Release|Any CPU
		{4650E76C-CB36-4629-AAA1-98D21864D7EB}.Release|iPhoneSimulator.Build.0 = Release|Any CPU
		{4650E76C-CB36-4629-AAA1-98D21864D7EB}.Release|x64.ActiveCfg = Release|Any CPU
		{4650E76C-CB36-4629-AAA1-98D21864D7EB}.Release|x64.Build.0 = Release|Any CPU
		{4650E76C-CB36-4629-AAA1-98D21864D7EB}.Release|x86.ActiveCfg = Release|Any CPU
		{4650E76C-CB36-4629-AAA1-98D21864D7EB}.Release|x86.Build.0 = Release|Any CPU
		{E9B1C871-8BB3-4129-A443-F24678F2FC82}.Ad-Hoc|Any CPU.ActiveCfg = Debug|Any CPU
		{E9B1C871-8BB3-4129-A443-F24678F2FC82}.Ad-Hoc|Any CPU.Build.0 = Debug|Any CPU
		{E9B1C871-8BB3-4129-A443-F24678F2FC82}.Ad-Hoc|ARM.ActiveCfg = Debug|Any CPU
		{E9B1C871-8BB3-4129-A443-F24678F2FC82}.Ad-Hoc|ARM.Build.0 = Debug|Any CPU
		{E9B1C871-8BB3-4129-A443-F24678F2FC82}.Ad-Hoc|iPhone.ActiveCfg = Debug|Any CPU
		{E9B1C871-8BB3-4129-A443-F24678F2FC82}.Ad-Hoc|iPhone.Build.0 = Debug|Any CPU
		{E9B1C871-8BB3-4129-A443-F24678F2FC82}.Ad-Hoc|iPhoneSimulator.ActiveCfg = Debug|Any CPU
		{E9B1C871-8BB3-4129-A443-F24678F2FC82}.Ad-Hoc|iPhoneSimulator.Build.0 = Debug|Any CPU
		{E9B1C871-8BB3-4129-A443-F24678F2FC82}.Ad-Hoc|x64.ActiveCfg = Debug|Any CPU
		{E9B1C871-8BB3-4129-A443-F24678F2FC82}.Ad-Hoc|x64.Build.0 = Debug|Any CPU
		{E9B1C871-8BB3-4129-A443-F24678F2FC82}.Ad-Hoc|x86.ActiveCfg = Debug|Any CPU
		{E9B1C871-8BB3-4129-A443-F24678F2FC82}.Ad-Hoc|x86.Build.0 = Debug|Any CPU
		{E9B1C871-8BB3-4129-A443-F24678F2FC82}.AppStore|Any CPU.ActiveCfg = Debug|Any CPU
		{E9B1C871-8BB3-4129-A443-F24678F2FC82}.AppStore|Any CPU.Build.0 = Debug|Any CPU
		{E9B1C871-8BB3-4129-A443-F24678F2FC82}.AppStore|ARM.ActiveCfg = Debug|Any CPU
		{E9B1C871-8BB3-4129-A443-F24678F2FC82}.AppStore|ARM.Build.0 = Debug|Any CPU
		{E9B1C871-8BB3-4129-A443-F24678F2FC82}.AppStore|iPhone.ActiveCfg = Debug|Any CPU
		{E9B1C871-8BB3-4129-A443-F24678F2FC82}.AppStore|iPhone.Build.0 = Debug|Any CPU
		{E9B1C871-8BB3-4129-A443-F24678F2FC82}.AppStore|iPhoneSimulator.ActiveCfg = Debug|Any CPU
		{E9B1C871-8BB3-4129-A443-F24678F2FC82}.AppStore|iPhoneSimulator.Build.0 = Debug|Any CPU
		{E9B1C871-8BB3-4129-A443-F24678F2FC82}.AppStore|x64.ActiveCfg = Debug|Any CPU
		{E9B1C871-8BB3-4129-A443-F24678F2FC82}.AppStore|x64.Build.0 = Debug|Any CPU
		{E9B1C871-8BB3-4129-A443-F24678F2FC82}.AppStore|x86.ActiveCfg = Debug|Any CPU
		{E9B1C871-8BB3-4129-A443-F24678F2FC82}.AppStore|x86.Build.0 = Debug|Any CPU
		{E9B1C871-8BB3-4129-A443-F24678F2FC82}.Debug|Any CPU.ActiveCfg = Debug|Any CPU
		{E9B1C871-8BB3-4129-A443-F24678F2FC82}.Debug|Any CPU.Build.0 = Debug|Any CPU
		{E9B1C871-8BB3-4129-A443-F24678F2FC82}.Debug|ARM.ActiveCfg = Debug|Any CPU
		{E9B1C871-8BB3-4129-A443-F24678F2FC82}.Debug|ARM.Build.0 = Debug|Any CPU
		{E9B1C871-8BB3-4129-A443-F24678F2FC82}.Debug|iPhone.ActiveCfg = Debug|Any CPU
		{E9B1C871-8BB3-4129-A443-F24678F2FC82}.Debug|iPhone.Build.0 = Debug|Any CPU
		{E9B1C871-8BB3-4129-A443-F24678F2FC82}.Debug|iPhoneSimulator.ActiveCfg = Debug|Any CPU
		{E9B1C871-8BB3-4129-A443-F24678F2FC82}.Debug|iPhoneSimulator.Build.0 = Debug|Any CPU
		{E9B1C871-8BB3-4129-A443-F24678F2FC82}.Debug|x64.ActiveCfg = Debug|Any CPU
		{E9B1C871-8BB3-4129-A443-F24678F2FC82}.Debug|x64.Build.0 = Debug|Any CPU
		{E9B1C871-8BB3-4129-A443-F24678F2FC82}.Debug|x86.ActiveCfg = Debug|Any CPU
		{E9B1C871-8BB3-4129-A443-F24678F2FC82}.Debug|x86.Build.0 = Debug|Any CPU
		{E9B1C871-8BB3-4129-A443-F24678F2FC82}.Release|Any CPU.ActiveCfg = Release|Any CPU
		{E9B1C871-8BB3-4129-A443-F24678F2FC82}.Release|Any CPU.Build.0 = Release|Any CPU
		{E9B1C871-8BB3-4129-A443-F24678F2FC82}.Release|ARM.ActiveCfg = Release|Any CPU
		{E9B1C871-8BB3-4129-A443-F24678F2FC82}.Release|ARM.Build.0 = Release|Any CPU
		{E9B1C871-8BB3-4129-A443-F24678F2FC82}.Release|iPhone.ActiveCfg = Release|Any CPU
		{E9B1C871-8BB3-4129-A443-F24678F2FC82}.Release|iPhone.Build.0 = Release|Any CPU
		{E9B1C871-8BB3-4129-A443-F24678F2FC82}.Release|iPhoneSimulator.ActiveCfg = Release|Any CPU
		{E9B1C871-8BB3-4129-A443-F24678F2FC82}.Release|iPhoneSimulator.Build.0 = Release|Any CPU
		{E9B1C871-8BB3-4129-A443-F24678F2FC82}.Release|x64.ActiveCfg = Release|Any CPU
		{E9B1C871-8BB3-4129-A443-F24678F2FC82}.Release|x64.Build.0 = Release|Any CPU
		{E9B1C871-8BB3-4129-A443-F24678F2FC82}.Release|x86.ActiveCfg = Release|Any CPU
		{E9B1C871-8BB3-4129-A443-F24678F2FC82}.Release|x86.Build.0 = Release|Any CPU
		{96E64215-5C3B-4912-9914-9D22EAA30300}.Ad-Hoc|Any CPU.ActiveCfg = Debug|Any CPU
		{96E64215-5C3B-4912-9914-9D22EAA30300}.Ad-Hoc|Any CPU.Build.0 = Debug|Any CPU
		{96E64215-5C3B-4912-9914-9D22EAA30300}.Ad-Hoc|ARM.ActiveCfg = Debug|Any CPU
		{96E64215-5C3B-4912-9914-9D22EAA30300}.Ad-Hoc|ARM.Build.0 = Debug|Any CPU
		{96E64215-5C3B-4912-9914-9D22EAA30300}.Ad-Hoc|iPhone.ActiveCfg = Debug|Any CPU
		{96E64215-5C3B-4912-9914-9D22EAA30300}.Ad-Hoc|iPhone.Build.0 = Debug|Any CPU
		{96E64215-5C3B-4912-9914-9D22EAA30300}.Ad-Hoc|iPhoneSimulator.ActiveCfg = Debug|Any CPU
		{96E64215-5C3B-4912-9914-9D22EAA30300}.Ad-Hoc|iPhoneSimulator.Build.0 = Debug|Any CPU
		{96E64215-5C3B-4912-9914-9D22EAA30300}.Ad-Hoc|x64.ActiveCfg = Debug|Any CPU
		{96E64215-5C3B-4912-9914-9D22EAA30300}.Ad-Hoc|x64.Build.0 = Debug|Any CPU
		{96E64215-5C3B-4912-9914-9D22EAA30300}.Ad-Hoc|x86.ActiveCfg = Debug|Any CPU
		{96E64215-5C3B-4912-9914-9D22EAA30300}.Ad-Hoc|x86.Build.0 = Debug|Any CPU
		{96E64215-5C3B-4912-9914-9D22EAA30300}.AppStore|Any CPU.ActiveCfg = Debug|Any CPU
		{96E64215-5C3B-4912-9914-9D22EAA30300}.AppStore|Any CPU.Build.0 = Debug|Any CPU
		{96E64215-5C3B-4912-9914-9D22EAA30300}.AppStore|ARM.ActiveCfg = Debug|Any CPU
		{96E64215-5C3B-4912-9914-9D22EAA30300}.AppStore|ARM.Build.0 = Debug|Any CPU
		{96E64215-5C3B-4912-9914-9D22EAA30300}.AppStore|iPhone.ActiveCfg = Debug|Any CPU
		{96E64215-5C3B-4912-9914-9D22EAA30300}.AppStore|iPhone.Build.0 = Debug|Any CPU
		{96E64215-5C3B-4912-9914-9D22EAA30300}.AppStore|iPhoneSimulator.ActiveCfg = Debug|Any CPU
		{96E64215-5C3B-4912-9914-9D22EAA30300}.AppStore|iPhoneSimulator.Build.0 = Debug|Any CPU
		{96E64215-5C3B-4912-9914-9D22EAA30300}.AppStore|x64.ActiveCfg = Debug|Any CPU
		{96E64215-5C3B-4912-9914-9D22EAA30300}.AppStore|x64.Build.0 = Debug|Any CPU
		{96E64215-5C3B-4912-9914-9D22EAA30300}.AppStore|x86.ActiveCfg = Debug|Any CPU
		{96E64215-5C3B-4912-9914-9D22EAA30300}.AppStore|x86.Build.0 = Debug|Any CPU
		{96E64215-5C3B-4912-9914-9D22EAA30300}.Debug|Any CPU.ActiveCfg = Debug|Any CPU
		{96E64215-5C3B-4912-9914-9D22EAA30300}.Debug|Any CPU.Build.0 = Debug|Any CPU
		{96E64215-5C3B-4912-9914-9D22EAA30300}.Debug|ARM.ActiveCfg = Debug|Any CPU
		{96E64215-5C3B-4912-9914-9D22EAA30300}.Debug|ARM.Build.0 = Debug|Any CPU
		{96E64215-5C3B-4912-9914-9D22EAA30300}.Debug|iPhone.ActiveCfg = Debug|Any CPU
		{96E64215-5C3B-4912-9914-9D22EAA30300}.Debug|iPhone.Build.0 = Debug|Any CPU
		{96E64215-5C3B-4912-9914-9D22EAA30300}.Debug|iPhoneSimulator.ActiveCfg = Debug|Any CPU
		{96E64215-5C3B-4912-9914-9D22EAA30300}.Debug|iPhoneSimulator.Build.0 = Debug|Any CPU
		{96E64215-5C3B-4912-9914-9D22EAA30300}.Debug|x64.ActiveCfg = Debug|Any CPU
		{96E64215-5C3B-4912-9914-9D22EAA30300}.Debug|x64.Build.0 = Debug|Any CPU
		{96E64215-5C3B-4912-9914-9D22EAA30300}.Debug|x86.ActiveCfg = Debug|Any CPU
		{96E64215-5C3B-4912-9914-9D22EAA30300}.Debug|x86.Build.0 = Debug|Any CPU
		{96E64215-5C3B-4912-9914-9D22EAA30300}.Release|Any CPU.ActiveCfg = Release|Any CPU
		{96E64215-5C3B-4912-9914-9D22EAA30300}.Release|Any CPU.Build.0 = Release|Any CPU
		{96E64215-5C3B-4912-9914-9D22EAA30300}.Release|ARM.ActiveCfg = Release|Any CPU
		{96E64215-5C3B-4912-9914-9D22EAA30300}.Release|ARM.Build.0 = Release|Any CPU
		{96E64215-5C3B-4912-9914-9D22EAA30300}.Release|iPhone.ActiveCfg = Release|Any CPU
		{96E64215-5C3B-4912-9914-9D22EAA30300}.Release|iPhone.Build.0 = Release|Any CPU
		{96E64215-5C3B-4912-9914-9D22EAA30300}.Release|iPhoneSimulator.ActiveCfg = Release|Any CPU
		{96E64215-5C3B-4912-9914-9D22EAA30300}.Release|iPhoneSimulator.Build.0 = Release|Any CPU
		{96E64215-5C3B-4912-9914-9D22EAA30300}.Release|x64.ActiveCfg = Release|Any CPU
		{96E64215-5C3B-4912-9914-9D22EAA30300}.Release|x64.Build.0 = Release|Any CPU
		{96E64215-5C3B-4912-9914-9D22EAA30300}.Release|x86.ActiveCfg = Release|Any CPU
		{96E64215-5C3B-4912-9914-9D22EAA30300}.Release|x86.Build.0 = Release|Any CPU
		{3901C116-7E6C-470A-B53C-E6596ABC41CD}.Ad-Hoc|Any CPU.ActiveCfg = Debug|Any CPU
		{3901C116-7E6C-470A-B53C-E6596ABC41CD}.Ad-Hoc|Any CPU.Build.0 = Debug|Any CPU
		{3901C116-7E6C-470A-B53C-E6596ABC41CD}.Ad-Hoc|ARM.ActiveCfg = Debug|Any CPU
		{3901C116-7E6C-470A-B53C-E6596ABC41CD}.Ad-Hoc|ARM.Build.0 = Debug|Any CPU
		{3901C116-7E6C-470A-B53C-E6596ABC41CD}.Ad-Hoc|iPhone.ActiveCfg = Debug|Any CPU
		{3901C116-7E6C-470A-B53C-E6596ABC41CD}.Ad-Hoc|iPhone.Build.0 = Debug|Any CPU
		{3901C116-7E6C-470A-B53C-E6596ABC41CD}.Ad-Hoc|iPhoneSimulator.ActiveCfg = Debug|Any CPU
		{3901C116-7E6C-470A-B53C-E6596ABC41CD}.Ad-Hoc|iPhoneSimulator.Build.0 = Debug|Any CPU
		{3901C116-7E6C-470A-B53C-E6596ABC41CD}.Ad-Hoc|x64.ActiveCfg = Debug|Any CPU
		{3901C116-7E6C-470A-B53C-E6596ABC41CD}.Ad-Hoc|x64.Build.0 = Debug|Any CPU
		{3901C116-7E6C-470A-B53C-E6596ABC41CD}.Ad-Hoc|x86.ActiveCfg = Debug|Any CPU
		{3901C116-7E6C-470A-B53C-E6596ABC41CD}.Ad-Hoc|x86.Build.0 = Debug|Any CPU
		{3901C116-7E6C-470A-B53C-E6596ABC41CD}.AppStore|Any CPU.ActiveCfg = Debug|Any CPU
		{3901C116-7E6C-470A-B53C-E6596ABC41CD}.AppStore|Any CPU.Build.0 = Debug|Any CPU
		{3901C116-7E6C-470A-B53C-E6596ABC41CD}.AppStore|ARM.ActiveCfg = Debug|Any CPU
		{3901C116-7E6C-470A-B53C-E6596ABC41CD}.AppStore|ARM.Build.0 = Debug|Any CPU
		{3901C116-7E6C-470A-B53C-E6596ABC41CD}.AppStore|iPhone.ActiveCfg = Debug|Any CPU
		{3901C116-7E6C-470A-B53C-E6596ABC41CD}.AppStore|iPhone.Build.0 = Debug|Any CPU
		{3901C116-7E6C-470A-B53C-E6596ABC41CD}.AppStore|iPhoneSimulator.ActiveCfg = Debug|Any CPU
		{3901C116-7E6C-470A-B53C-E6596ABC41CD}.AppStore|iPhoneSimulator.Build.0 = Debug|Any CPU
		{3901C116-7E6C-470A-B53C-E6596ABC41CD}.AppStore|x64.ActiveCfg = Debug|Any CPU
		{3901C116-7E6C-470A-B53C-E6596ABC41CD}.AppStore|x64.Build.0 = Debug|Any CPU
		{3901C116-7E6C-470A-B53C-E6596ABC41CD}.AppStore|x86.ActiveCfg = Debug|Any CPU
		{3901C116-7E6C-470A-B53C-E6596ABC41CD}.AppStore|x86.Build.0 = Debug|Any CPU
		{3901C116-7E6C-470A-B53C-E6596ABC41CD}.Debug|Any CPU.ActiveCfg = Debug|Any CPU
		{3901C116-7E6C-470A-B53C-E6596ABC41CD}.Debug|Any CPU.Build.0 = Debug|Any CPU
		{3901C116-7E6C-470A-B53C-E6596ABC41CD}.Debug|ARM.ActiveCfg = Debug|Any CPU
		{3901C116-7E6C-470A-B53C-E6596ABC41CD}.Debug|ARM.Build.0 = Debug|Any CPU
		{3901C116-7E6C-470A-B53C-E6596ABC41CD}.Debug|iPhone.ActiveCfg = Debug|Any CPU
		{3901C116-7E6C-470A-B53C-E6596ABC41CD}.Debug|iPhone.Build.0 = Debug|Any CPU
		{3901C116-7E6C-470A-B53C-E6596ABC41CD}.Debug|iPhoneSimulator.ActiveCfg = Debug|Any CPU
		{3901C116-7E6C-470A-B53C-E6596ABC41CD}.Debug|iPhoneSimulator.Build.0 = Debug|Any CPU
		{3901C116-7E6C-470A-B53C-E6596ABC41CD}.Debug|x64.ActiveCfg = Debug|Any CPU
		{3901C116-7E6C-470A-B53C-E6596ABC41CD}.Debug|x64.Build.0 = Debug|Any CPU
		{3901C116-7E6C-470A-B53C-E6596ABC41CD}.Debug|x86.ActiveCfg = Debug|Any CPU
		{3901C116-7E6C-470A-B53C-E6596ABC41CD}.Debug|x86.Build.0 = Debug|Any CPU
		{3901C116-7E6C-470A-B53C-E6596ABC41CD}.Release|Any CPU.ActiveCfg = Release|Any CPU
		{3901C116-7E6C-470A-B53C-E6596ABC41CD}.Release|Any CPU.Build.0 = Release|Any CPU
		{3901C116-7E6C-470A-B53C-E6596ABC41CD}.Release|ARM.ActiveCfg = Release|Any CPU
		{3901C116-7E6C-470A-B53C-E6596ABC41CD}.Release|ARM.Build.0 = Release|Any CPU
		{3901C116-7E6C-470A-B53C-E6596ABC41CD}.Release|iPhone.ActiveCfg = Release|Any CPU
		{3901C116-7E6C-470A-B53C-E6596ABC41CD}.Release|iPhone.Build.0 = Release|Any CPU
		{3901C116-7E6C-470A-B53C-E6596ABC41CD}.Release|iPhoneSimulator.ActiveCfg = Release|Any CPU
		{3901C116-7E6C-470A-B53C-E6596ABC41CD}.Release|iPhoneSimulator.Build.0 = Release|Any CPU
		{3901C116-7E6C-470A-B53C-E6596ABC41CD}.Release|x64.ActiveCfg = Release|Any CPU
		{3901C116-7E6C-470A-B53C-E6596ABC41CD}.Release|x64.Build.0 = Release|Any CPU
		{3901C116-7E6C-470A-B53C-E6596ABC41CD}.Release|x86.ActiveCfg = Release|Any CPU
		{3901C116-7E6C-470A-B53C-E6596ABC41CD}.Release|x86.Build.0 = Release|Any CPU
	EndGlobalSection
	GlobalSection(SolutionProperties) = preSolution
		HideSolutionNode = FALSE
	EndGlobalSection
	GlobalSection(NestedProjects) = preSolution
		{4650E76C-CB36-4629-AAA1-98D21864D7EB} = {E0B147E1-5D82-4488-89C2-97882F506CEF}
		{96E64215-5C3B-4912-9914-9D22EAA30300} = {E0B147E1-5D82-4488-89C2-97882F506CEF}
	EndGlobalSection
	GlobalSection(ExtensibilityGlobals) = postSolution
		SolutionGuid = {A349FC64-105D-43B4-8166-D8EC50CE01A1}
	EndGlobalSection
EndGlobal
